
Microsoft Visual Studio Solution File, Format Version 12.00
# Visual Studio 15
VisualStudioVersion = 15.0.26403.7
MinimumVisualStudioVersion = 10.0.40219.1
Project("{CC5FD16D-436D-48AD-A40C-5A424C6E3E79}") = "CoreService", "CoreService\CoreService.ccproj", "{B1EC5B51-E238-4F04-99D0-09FCB3B97F9D}"
EndProject
Project("{FAE04EC0-301F-11D3-BF4B-00C04F79EFBC}") = "Core.Api", "Core.Api\Core.Api.csproj", "{052E819E-4606-4B27-AE87-A60C9F1FA87C}"
EndProject
Project("{FAE04EC0-301F-11D3-BF4B-00C04F79EFBC}") = "Core.Business", "Core.Business\Core.Business.csproj", "{218DC331-D687-40CA-91F9-FDF595880C0F}"
EndProject
Project("{FAE04EC0-301F-11D3-BF4B-00C04F79EFBC}") = "Core.Data", "Core.Data\Core.Data.csproj", "{2DBAEA37-3800-4196-8F0F-27C7668E0B51}"
EndProject
Project("{FAE04EC0-301F-11D3-BF4B-00C04F79EFBC}") = "Core.Models", "Core.Models\Core.Models.csproj", "{D90F1DAB-95C4-4357-B647-06257C83456A}"
EndProject
Project("{FAE04EC0-301F-11D3-BF4B-00C04F79EFBC}") = "Core.Test", "Core.Test\Core.Test.csproj", "{AF02B5C8-11C0-4CA0-A3AE-17F162C67426}"
EndProject
Project("{2150E333-8FDC-42A3-9474-1A3956D46DE8}") = "server", "server", "{A42A9BEA-7427-4E3B-8F4C-7F3D4031D7B5}"
EndProject
Project("{2150E333-8FDC-42A3-9474-1A3956D46DE8}") = "mobile-app", "mobile-app", "{5A14BE31-9274-4E8E-AA1C-0A2BD182DD31}"
EndProject
Global
	GlobalSection(SolutionConfigurationPlatforms) = preSolution
		Debug|Any CPU = Debug|Any CPU
		Debug|x64 = Debug|x64
		Release|Any CPU = Release|Any CPU
		Release|x64 = Release|x64
	EndGlobalSection
	GlobalSection(ProjectConfigurationPlatforms) = postSolution
		{B1EC5B51-E238-4F04-99D0-09FCB3B97F9D}.Debug|Any CPU.ActiveCfg = Debug|Any CPU
		{B1EC5B51-E238-4F04-99D0-09FCB3B97F9D}.Debug|Any CPU.Build.0 = Debug|Any CPU
		{B1EC5B51-E238-4F04-99D0-09FCB3B97F9D}.Debug|x64.ActiveCfg = Debug|Any CPU
		{B1EC5B51-E238-4F04-99D0-09FCB3B97F9D}.Debug|x64.Build.0 = Debug|Any CPU
		{B1EC5B51-E238-4F04-99D0-09FCB3B97F9D}.Release|Any CPU.ActiveCfg = Release|Any CPU
		{B1EC5B51-E238-4F04-99D0-09FCB3B97F9D}.Release|Any CPU.Build.0 = Release|Any CPU
		{B1EC5B51-E238-4F04-99D0-09FCB3B97F9D}.Release|x64.ActiveCfg = Release|Any CPU
		{B1EC5B51-E238-4F04-99D0-09FCB3B97F9D}.Release|x64.Build.0 = Release|Any CPU
		{052E819E-4606-4B27-AE87-A60C9F1FA87C}.Debug|Any CPU.ActiveCfg = Debug|Any CPU
		{052E819E-4606-4B27-AE87-A60C9F1FA87C}.Debug|Any CPU.Build.0 = Debug|Any CPU
		{052E819E-4606-4B27-AE87-A60C9F1FA87C}.Debug|x64.ActiveCfg = Debug|Any CPU
		{052E819E-4606-4B27-AE87-A60C9F1FA87C}.Debug|x64.Build.0 = Debug|Any CPU
		{052E819E-4606-4B27-AE87-A60C9F1FA87C}.Release|Any CPU.ActiveCfg = Release|Any CPU
		{052E819E-4606-4B27-AE87-A60C9F1FA87C}.Release|Any CPU.Build.0 = Release|Any CPU
		{052E819E-4606-4B27-AE87-A60C9F1FA87C}.Release|x64.ActiveCfg = Release|Any CPU
		{052E819E-4606-4B27-AE87-A60C9F1FA87C}.Release|x64.Build.0 = Release|Any CPU
		{218DC331-D687-40CA-91F9-FDF595880C0F}.Debug|Any CPU.ActiveCfg = Debug|Any CPU
		{218DC331-D687-40CA-91F9-FDF595880C0F}.Debug|Any CPU.Build.0 = Debug|Any CPU
		{218DC331-D687-40CA-91F9-FDF595880C0F}.Debug|x64.ActiveCfg = Debug|Any CPU
		{218DC331-D687-40CA-91F9-FDF595880C0F}.Debug|x64.Build.0 = Debug|Any CPU
		{218DC331-D687-40CA-91F9-FDF595880C0F}.Release|Any CPU.ActiveCfg = Release|Any CPU
		{218DC331-D687-40CA-91F9-FDF595880C0F}.Release|Any CPU.Build.0 = Release|Any CPU
		{218DC331-D687-40CA-91F9-FDF595880C0F}.Release|x64.ActiveCfg = Release|Any CPU
		{218DC331-D687-40CA-91F9-FDF595880C0F}.Release|x64.Build.0 = Release|Any CPU
		{2DBAEA37-3800-4196-8F0F-27C7668E0B51}.Debug|Any CPU.ActiveCfg = Debug|Any CPU
		{2DBAEA37-3800-4196-8F0F-27C7668E0B51}.Debug|Any CPU.Build.0 = Debug|Any CPU
		{2DBAEA37-3800-4196-8F0F-27C7668E0B51}.Debug|x64.ActiveCfg = Debug|Any CPU
		{2DBAEA37-3800-4196-8F0F-27C7668E0B51}.Debug|x64.Build.0 = Debug|Any CPU
		{2DBAEA37-3800-4196-8F0F-27C7668E0B51}.Release|Any CPU.ActiveCfg = Release|Any CPU
		{2DBAEA37-3800-4196-8F0F-27C7668E0B51}.Release|Any CPU.Build.0 = Release|Any CPU
		{2DBAEA37-3800-4196-8F0F-27C7668E0B51}.Release|x64.ActiveCfg = Release|Any CPU
		{2DBAEA37-3800-4196-8F0F-27C7668E0B51}.Release|x64.Build.0 = Release|Any CPU
		{D90F1DAB-95C4-4357-B647-06257C83456A}.Debug|Any CPU.ActiveCfg = Debug|Any CPU
		{D90F1DAB-95C4-4357-B647-06257C83456A}.Debug|Any CPU.Build.0 = Debug|Any CPU
		{D90F1DAB-95C4-4357-B647-06257C83456A}.Debug|x64.ActiveCfg = Debug|Any CPU
		{D90F1DAB-95C4-4357-B647-06257C83456A}.Debug|x64.Build.0 = Debug|Any CPU
		{D90F1DAB-95C4-4357-B647-06257C83456A}.Release|Any CPU.ActiveCfg = Release|Any CPU
		{D90F1DAB-95C4-4357-B647-06257C83456A}.Release|Any CPU.Build.0 = Release|Any CPU
		{D90F1DAB-95C4-4357-B647-06257C83456A}.Release|x64.ActiveCfg = Release|Any CPU
		{D90F1DAB-95C4-4357-B647-06257C83456A}.Release|x64.Build.0 = Release|Any CPU
		{AF02B5C8-11C0-4CA0-A3AE-17F162C67426}.Debug|Any CPU.ActiveCfg = Debug|Any CPU
		{AF02B5C8-11C0-4CA0-A3AE-17F162C67426}.Debug|Any CPU.Build.0 = Debug|Any CPU
		{AF02B5C8-11C0-4CA0-A3AE-17F162C67426}.Debug|x64.ActiveCfg = Debug|Any CPU
		{AF02B5C8-11C0-4CA0-A3AE-17F162C67426}.Debug|x64.Build.0 = Debug|Any CPU
		{AF02B5C8-11C0-4CA0-A3AE-17F162C67426}.Release|Any CPU.ActiveCfg = Release|Any CPU
		{AF02B5C8-11C0-4CA0-A3AE-17F162C67426}.Release|Any CPU.Build.0 = Release|Any CPU
		{AF02B5C8-11C0-4CA0-A3AE-17F162C67426}.Release|x64.ActiveCfg = Release|Any CPU
		{AF02B5C8-11C0-4CA0-A3AE-17F162C67426}.Release|x64.Build.0 = Release|Any CPU
	EndGlobalSection
	GlobalSection(SolutionProperties) = preSolution
		HideSolutionNode = FALSE
	EndGlobalSection
	GlobalSection(NestedProjects) = preSolution
		{B1EC5B51-E238-4F04-99D0-09FCB3B97F9D} = {A42A9BEA-7427-4E3B-8F4C-7F3D4031D7B5}
		{052E819E-4606-4B27-AE87-A60C9F1FA87C} = {A42A9BEA-7427-4E3B-8F4C-7F3D4031D7B5}
		{218DC331-D687-40CA-91F9-FDF595880C0F} = {A42A9BEA-7427-4E3B-8F4C-7F3D4031D7B5}
		{2DBAEA37-3800-4196-8F0F-27C7668E0B51} = {A42A9BEA-7427-4E3B-8F4C-7F3D4031D7B5}
		{D90F1DAB-95C4-4357-B647-06257C83456A} = {A42A9BEA-7427-4E3B-8F4C-7F3D4031D7B5}
		{AF02B5C8-11C0-4CA0-A3AE-17F162C67426} = {A42A9BEA-7427-4E3B-8F4C-7F3D4031D7B5}
	EndGlobalSection
EndGlobal
